# THIS IS AN AUTOGENERATED FILE. DO NOT EDIT THIS FILE DIRECTLY.
# yarn lockfile v1


"@nmacarthur/colorboy@^0.0.6":
  version "0.0.6"
  resolved "https://registry.yarnpkg.com/@nmacarthur/colorboy/-/colorboy-0.0.6.tgz#fcc8143318df60497b78cd6166500a05fb12e1a6"
  integrity sha512-donXYo+tLRd7wOOYsviA2RdTyTiluigzQOV0J1YnnVWQnMMFg5xYRl457y9eVC1ySVHKTSrIfwhqBbmT4zg+/g==
  dependencies:
    animejs "^3.0.1"
    viewprt "^3.1.0"

"@nmacarthur/imageboy@^0.0.8":
  version "0.0.8"
  resolved "https://registry.yarnpkg.com/@nmacarthur/imageboy/-/imageboy-0.0.8.tgz#4c41965b0f73bdc3567907fb20ef59fd2822e5bb"
  integrity sha512-j47tOtdGLv6hLJ+lGEMxZPwvNR3xsdaH2qjinKh7DObLOaokuA0MXVsuhwfIC5a8ilEAyYYejbQnjmPZQV50OA==

"@nmacarthur/lineboy@^0.0.1":
  version "0.0.1"
  resolved "https://registry.yarnpkg.com/@nmacarthur/lineboy/-/lineboy-0.0.1.tgz#1c6833f9d2be519f95800813ace820217927192b"
  integrity sha512-BBZfE6PArsI2aByVVOd51bPbTmXcBJ9922dMFQSaUMCnZefpcCKf4/EBz4W7SOO2xgHyiKcaPqtGR8+1F+Z3xA==
  dependencies:
    animejs "^3.0.1"
    viewprt "^3.1.0"

"@nmacarthur/scrollboy@^0.0.1":
  version "0.0.1"
  resolved "https://registry.yarnpkg.com/@nmacarthur/scrollboy/-/scrollboy-0.0.1.tgz#cd3dfbb3d0f99bf809ce22e93313b47279b99cab"
  integrity sha512-sX0Rk2WgpbdHRI3wLTjJYkPa3OX6Xwp+NswWXuBM/lCs0e1t1196vvmz1KDEf81iVQxeWBT0EAzz5qhdu+Fl2g==
  dependencies:
    virtual-scroll "^1.4.0"

"@nmacarthur/zoomboy@^0.0.1":
  version "0.0.1"
  resolved "https://registry.yarnpkg.com/@nmacarthur/zoomboy/-/zoomboy-0.0.1.tgz#150ce1c3523d03c7d286e432188c0f685bc8e551"
  integrity sha512-IBU53PRR8r8EcEdw1UvpekzDB9OvZUPP3Xv1QtpxOaw4gqYjK8KMNGehBYqi9pQyZv+bcrSUJKa+TO8ZB19TQA==
  dependencies:
    animejs "^3.0.1"
    viewprt "^3.1.0"

animejs@^3.0.1:
  version "3.0.1"
  resolved "https://registry.yarnpkg.com/animejs/-/animejs-3.0.1.tgz#8b808bad575e3b6106489d8b04b92bc4062166fe"
  integrity sha512-7mMoBQScvA7s4zm3EVgnuXXrtOu6TJNAhU+Ajo7HsXYH0NwbuZIcRHMO65a9NyUlmAXz4VPxlK5cENNOQbCi8g==

axios@^0.18.0:
  version "0.18.0"
  resolved "https://registry.yarnpkg.com/axios/-/axios-0.18.0.tgz#32d53e4851efdc0a11993b6cd000789d70c05102"
  integrity sha1-MtU+SFHv3AoRmTts0AB4nXDAUQI=
  dependencies:
    follow-redirects "^1.3.0"
    is-buffer "^1.1.5"

bindall-standalone@^1.0.5:
  version "1.0.5"
  resolved "https://registry.yarnpkg.com/bindall-standalone/-/bindall-standalone-1.0.5.tgz#f7430388f1c7f9a9ade0fc75a400e710f6692a1d"
  integrity sha1-90MDiPHH+amt4Px1pADnEPZpKh0=

debug@^3.2.6:
  version "3.2.6"
  resolved "https://registry.yarnpkg.com/debug/-/debug-3.2.6.tgz#e83d17de16d8a7efb7717edbe5fb10135eee629b"
  integrity sha512-mel+jf7nrtEl5Pn1Qx46zARXKDpBbvzezse7p7LqINmdoIk8PYP5SySaxEmYv6TZ0JyEKA1hsCId6DIhgITtWQ==
  dependencies:
    ms "^2.1.1"

follow-redirects@^1.3.0:
  version "1.7.0"
  resolved "https://registry.yarnpkg.com/follow-redirects/-/follow-redirects-1.7.0.tgz#489ebc198dc0e7f64167bd23b03c4c19b5784c76"
  integrity sha512-m/pZQy4Gj287eNy94nivy5wchN3Kp+Q5WgUPNy5lJSZ3sgkVKSYV/ZChMAQVIgx1SqfZ2zBZtPA2YlXIWxxJOQ==
  dependencies:
    debug "^3.2.6"

hammerjs@^2.0.8:
  version "2.0.8"
  resolved "https://registry.yarnpkg.com/hammerjs/-/hammerjs-2.0.8.tgz#04ef77862cff2bb79d30f7692095930222bf60f1"
  integrity sha1-BO93hiz/K7edMPdpIJWTAiK/YPE=

is-buffer@^1.1.5:
  version "1.1.6"
  resolved "https://registry.yarnpkg.com/is-buffer/-/is-buffer-1.1.6.tgz#efaa2ea9daa0d7ab2ea13a97b2b8ad51fefbe8be"
  integrity sha512-NcdALwpXkTm5Zvvbk7owOUSvVvBKDgKP5/ewfXEznmQFfs4ZRmanOeKBTjRVjka3QFoN6XJ+9F3USqfHqTaU5w==

lethargy@^1.0.2:
  version "1.0.7"
  resolved "https://registry.yarnpkg.com/lethargy/-/lethargy-1.0.7.tgz#f69854a57275959b7cf514d24ae373929f7a8cb2"
  integrity sha512-+IhiyZpw27A0KrtlfsrC1DcCgUYHqtWTqoa4CuJPyX7dmwF0b9bInWVkLrvn7yE88sEq86NxOSVtPhaVmE7C6A==

ms@^2.1.1:
  version "2.1.1"
  resolved "https://registry.yarnpkg.com/ms/-/ms-2.1.1.tgz#30a5864eb3ebb0a66f2ebe6d727af06a09d86e0a"
  integrity sha512-tgp+dl5cGk28utYktBsrFqA7HKgrhgPsg6Z/EfhWI4gl1Hwq8B/GmY/0oXZ6nF8hDVesS/FpnYaD/kOWhYQvyg==

object-assign@^4.0.1:
  version "4.1.1"
  resolved "https://registry.yarnpkg.com/object-assign/-/object-assign-4.1.1.tgz#2109adc7965887cfc05cbbd442cac8bfbb360863"
  integrity sha1-IQmtx5ZYh8/AXLvUQsrIv7s2CGM=

tiny-emitter@^1.0.0:
  version "1.2.0"
  resolved "https://registry.yarnpkg.com/tiny-emitter/-/tiny-emitter-1.2.0.tgz#6dc845052cb08ebefc1874723b58f24a648c3b6f"
  integrity sha1-bchFBSywjr78GHRyO1jySmSMO28=

unfetch@^4.1.0:
  version "4.1.0"
  resolved "https://registry.yarnpkg.com/unfetch/-/unfetch-4.1.0.tgz#6ec2dd0de887e58a4dee83a050ded80ffc4137db"
  integrity sha512-crP/n3eAPUJxZXM9T80/yv0YhkTEx2K1D3h7D1AJM6fzsWZrxdyRuLN0JH/dkZh1LNH8LxCnBzoPFCPbb2iGpg==

viewprt@^3.1.0:
  version "3.1.0"
  resolved "https://registry.yarnpkg.com/viewprt/-/viewprt-3.1.0.tgz#db4721cbffa4e57978cf0910954e08dc98bccf4a"
  integrity sha512-vsyHrtCmTXS6ZgcYMjLl8vCkO8fPfUiRL614pOtW0VnZxVjaJ5uv4Pqi2jetRC5ay9dH9jwMLHj9XvTRrZEYsA==

virtual-scroll@^1.4.0:
  version "1.4.0"
  resolved "https://registry.yarnpkg.com/virtual-scroll/-/virtual-scroll-1.4.0.tgz#a7bf18f3ac39554699a49863032e2d1a09503ac8"
  integrity sha512-El6Arc0RkNj/zaUZuhMww7zw87BxneaynyhizQJaXE7lctLdC4RMuQ2ZKI4Xqmv/eqEqj2z9a6ghk9bC2iRo6A==
  dependencies:
    bindall-standalone "^1.0.5"
    lethargy "^1.0.2"
    object-assign "^4.0.1"
    tiny-emitter "^1.0.0"
